lockfileVersion: 5.3

specifiers:
  '@aws-cdk/aws-iam': 1.106.1
  '@aws-cdk/core': 1.106.1
  '@aws-cdk/custom-resources': 1.106.1
  '@types/node': 12.12.6
  typescript: 3.8.3

dependencies:
  '@aws-cdk/aws-iam': 1.106.1
  '@aws-cdk/core': 1.106.1
  '@aws-cdk/custom-resources': 1.106.1

devDependencies:
  '@types/node': 12.12.6
  typescript: 3.8.3

packages:

  /@aws-cdk/assets/1.106.1:
    resolution: {integrity: sha512-ZA0/bklj0Nen+7YWU0iDtPeXjObbhPsUfcc2QEPjZjQVlQ99DyOdHIZUs/BY+06U9J1OQYEH1KMB6QfydUxk/w==}
    engines: {node: '>= 10.13.0 <13 || >=13.7.0'}
    dependencies:
      '@aws-cdk/core': 1.106.1
      '@aws-cdk/cx-api': 1.106.1
      constructs: 3.3.94
    dev: false

  /@aws-cdk/aws-applicationautoscaling/1.106.1:
    resolution: {integrity: sha512-XqgknjzYL33m+iZP5VLEBFEX6C7aN0uL9kT08fmmo9vYT1A4og69vvfekUc3g+0nS1prDe5RYGhh9SkqXN6w/g==}
    engines: {node: '>= 10.13.0 <13 || >=13.7.0'}
    dependencies:
      '@aws-cdk/aws-autoscaling-common': 1.106.1
      '@aws-cdk/aws-cloudwatch': 1.106.1
      '@aws-cdk/aws-iam': 1.106.1
      '@aws-cdk/core': 1.106.1
      constructs: 3.3.94
    dev: false

  /@aws-cdk/aws-autoscaling-common/1.106.1:
    resolution: {integrity: sha512-Al5TRY4XQHnddAydTTQbrru2FoA1JOXnSyOvQcojFfbFPg5tzi/+qgOGHAEzo+uLf0ZWK29p6Vc4ow761klZHg==}
    engines: {node: '>= 10.13.0 <13 || >=13.7.0'}
    dependencies:
      '@aws-cdk/aws-iam': 1.106.1
      '@aws-cdk/core': 1.106.1
      constructs: 3.3.94
    dev: false

  /@aws-cdk/aws-cloudformation/1.106.1:
    resolution: {integrity: sha512-bL4CK4BTGaiZhaXFgO4wBSIxYUg9wM8sW6q9lw8jR6y+hLgdWsKLE2rYmHWpsj/IpxYWDBxMqvHq5AQzzbR+qQ==}
    engines: {node: '>= 10.13.0 <13 || >=13.7.0'}
    dependencies:
      '@aws-cdk/aws-iam': 1.106.1
      '@aws-cdk/aws-lambda': 1.106.1
      '@aws-cdk/aws-s3': 1.106.1
      '@aws-cdk/aws-sns': 1.106.1
      '@aws-cdk/core': 1.106.1
      '@aws-cdk/cx-api': 1.106.1
      constructs: 3.3.94
    dev: false

  /@aws-cdk/aws-cloudwatch/1.106.1:
    resolution: {integrity: sha512-IhFzRdK3MHgNuaDMu0Afbjef1dPJdpvVf+RF+qS1wvWG42z/jP1noC89l+oNModyxtiSZPpooFOQi5u0J9er0g==}
    engines: {node: '>= 10.13.0 <13 || >=13.7.0'}
    dependencies:
      '@aws-cdk/aws-iam': 1.106.1
      '@aws-cdk/core': 1.106.1
      constructs: 3.3.94
    dev: false

  /@aws-cdk/aws-codeguruprofiler/1.106.1:
    resolution: {integrity: sha512-ermDayuSXtJNQkxaIq3jx1BvS5lk2uPFtDfHaw79oM+jx0n7qSs25HkufvoLYhcCW1BIUgdo8ahSOv8PvUDuBA==}
    engines: {node: '>= 10.13.0 <13 || >=13.7.0'}
    dependencies:
      '@aws-cdk/aws-iam': 1.106.1
      '@aws-cdk/core': 1.106.1
      constructs: 3.3.94
    dev: false

  /@aws-cdk/aws-ec2/1.106.1:
    resolution: {integrity: sha512-OKtzinXD3UNrgCgmIsNiWy6soLLR7q9Ez3QoNKh+OSOiyRUcdyt8VsG0ucFoZnV63aCTcT1ooofmytKab7ArJQ==}
    engines: {node: '>= 10.13.0 <13 || >=13.7.0'}
    dependencies:
      '@aws-cdk/aws-cloudwatch': 1.106.1
      '@aws-cdk/aws-iam': 1.106.1
      '@aws-cdk/aws-kms': 1.106.1
      '@aws-cdk/aws-logs': 1.106.1
      '@aws-cdk/aws-s3': 1.106.1
      '@aws-cdk/aws-s3-assets': 1.106.1
      '@aws-cdk/aws-ssm': 1.106.1
      '@aws-cdk/cloud-assembly-schema': 1.106.1
      '@aws-cdk/core': 1.106.1
      '@aws-cdk/cx-api': 1.106.1
      '@aws-cdk/region-info': 1.106.1
      constructs: 3.3.94
    dev: false

  /@aws-cdk/aws-ecr-assets/1.106.1:
    resolution: {integrity: sha512-y4rmybH+HkWkeaoIhGNRJ6ya+RObaQk3XjMmJMytYcZzaepobmpTVdTfYOog0+RB/ZgSPkjdwxbjYmVjRLWflw==}
    engines: {node: '>= 10.13.0 <13 || >=13.7.0'}
    dependencies:
      '@aws-cdk/assets': 1.106.1
      '@aws-cdk/aws-ecr': 1.106.1
      '@aws-cdk/aws-iam': 1.106.1
      '@aws-cdk/aws-s3': 1.106.1
      '@aws-cdk/core': 1.106.1
      '@aws-cdk/cx-api': 1.106.1
      constructs: 3.3.94
    dev: false
    bundledDependencies:
      - minimatch

  /@aws-cdk/aws-ecr/1.106.1:
    resolution: {integrity: sha512-k1EHFdeli6JDyRbGOqRAU5kdjzgvGKrPEn2KTQir0KZnauQwQemIBvJEqpnJqMbuPaVWNOCH1yEV9r1Xa19o0g==}
    engines: {node: '>= 10.13.0 <13 || >=13.7.0'}
    dependencies:
      '@aws-cdk/aws-events': 1.106.1
      '@aws-cdk/aws-iam': 1.106.1
      '@aws-cdk/core': 1.106.1
      constructs: 3.3.94
    dev: false

  /@aws-cdk/aws-efs/1.106.1:
    resolution: {integrity: sha512-oX24dww3hMkDDxbiNwmbIyHgRdgDII5WfuLUxTCyin4KlwvN/0+MkoyfrzNFmKOSS906vzAMHO17QCcv13W0Xw==}
    engines: {node: '>= 10.13.0 <13 || >=13.7.0'}
    dependencies:
      '@aws-cdk/aws-ec2': 1.106.1
      '@aws-cdk/aws-kms': 1.106.1
      '@aws-cdk/cloud-assembly-schema': 1.106.1
      '@aws-cdk/core': 1.106.1
      '@aws-cdk/cx-api': 1.106.1
      constructs: 3.3.94
    dev: false

  /@aws-cdk/aws-events/1.106.1:
    resolution: {integrity: sha512-3tuETiN5VcQvP9eznP9Q+VbbZwf+8rcH04qxIDssT+JaHC9Q7/lkbEKso/ok4pWd9fZ0dTziUrH/FjSr6xVFww==}
    engines: {node: '>= 10.13.0 <13 || >=13.7.0'}
    dependencies:
      '@aws-cdk/aws-iam': 1.106.1
      '@aws-cdk/core': 1.106.1
      constructs: 3.3.94
    dev: false

  /@aws-cdk/aws-iam/1.106.1:
    resolution: {integrity: sha512-eM+XDBJeQe/Ve4l0qq7hde9B5jye6NEEQaQDeqfYusZmIg77j8Va2mYFcahJWJbnFtRjutVVvJyBtYLMyJRgEQ==}
    engines: {node: '>= 10.13.0 <13 || >=13.7.0'}
    dependencies:
      '@aws-cdk/core': 1.106.1
      '@aws-cdk/region-info': 1.106.1
      constructs: 3.3.94
    dev: false

  /@aws-cdk/aws-kms/1.106.1:
    resolution: {integrity: sha512-qTN6ywmYAgT1k7GCnZUbpLyazSezqtPOdJM4wrJfUHlONZ/VlxVoLYghrdDWsPpChz0DNJNBHaiDDMzotzZaqA==}
    engines: {node: '>= 10.13.0 <13 || >=13.7.0'}
    dependencies:
      '@aws-cdk/aws-iam': 1.106.1
      '@aws-cdk/core': 1.106.1
      '@aws-cdk/cx-api': 1.106.1
      constructs: 3.3.94
    dev: false

  /@aws-cdk/aws-lambda/1.106.1:
    resolution: {integrity: sha512-PcX9wilbFiTfpLEacrmOuhn2r0FizueOdhHoyuUSrVmsuJY8xwjHcG3ais2lOkWDWzsEjDtXGzOHJPbk6KmGRw==}
    engines: {node: '>= 10.13.0 <13 || >=13.7.0'}
    dependencies:
      '@aws-cdk/aws-applicationautoscaling': 1.106.1
      '@aws-cdk/aws-cloudwatch': 1.106.1
      '@aws-cdk/aws-codeguruprofiler': 1.106.1
      '@aws-cdk/aws-ec2': 1.106.1
      '@aws-cdk/aws-ecr': 1.106.1
      '@aws-cdk/aws-ecr-assets': 1.106.1
      '@aws-cdk/aws-efs': 1.106.1
      '@aws-cdk/aws-events': 1.106.1
      '@aws-cdk/aws-iam': 1.106.1
      '@aws-cdk/aws-kms': 1.106.1
      '@aws-cdk/aws-logs': 1.106.1
      '@aws-cdk/aws-s3': 1.106.1
      '@aws-cdk/aws-s3-assets': 1.106.1
      '@aws-cdk/aws-signer': 1.106.1
      '@aws-cdk/aws-sqs': 1.106.1
      '@aws-cdk/core': 1.106.1
      '@aws-cdk/cx-api': 1.106.1
      constructs: 3.3.94
    dev: false

  /@aws-cdk/aws-logs/1.106.1:
    resolution: {integrity: sha512-/i2bg0Dx9T9nR52p6fmV+iJJY46Vb0hTwrQSwIY6Xav8+JAphuvsTz/9JVNj9zxVp0zjLgGetI11N6wux3aIrQ==}
    engines: {node: '>= 10.13.0 <13 || >=13.7.0'}
    dependencies:
      '@aws-cdk/aws-cloudwatch': 1.106.1
      '@aws-cdk/aws-iam': 1.106.1
      '@aws-cdk/aws-kms': 1.106.1
      '@aws-cdk/aws-s3-assets': 1.106.1
      '@aws-cdk/core': 1.106.1
      constructs: 3.3.94
    dev: false

  /@aws-cdk/aws-s3-assets/1.106.1:
    resolution: {integrity: sha512-zG3vuAi+t0ix4QwnPEdOdKx0AAPSnoU6iz1eay6clyzo2Gwj4k5FGC6vz9kQqOs23IhN6tmewkDQUuybWKeaaA==}
    engines: {node: '>= 10.13.0 <13 || >=13.7.0'}
    dependencies:
      '@aws-cdk/assets': 1.106.1
      '@aws-cdk/aws-iam': 1.106.1
      '@aws-cdk/aws-kms': 1.106.1
      '@aws-cdk/aws-s3': 1.106.1
      '@aws-cdk/core': 1.106.1
      '@aws-cdk/cx-api': 1.106.1
      constructs: 3.3.94
    dev: false

  /@aws-cdk/aws-s3/1.106.1:
    resolution: {integrity: sha512-q3n6/MZDQ0i+MT+8esgEHskGxAOQJ0ERGTyNb5zAmBosHw5HsvXIJ6PhilTovAVU8tFfdRDDnMfDLg281nn94g==}
    engines: {node: '>= 10.13.0 <13 || >=13.7.0'}
    dependencies:
      '@aws-cdk/aws-events': 1.106.1
      '@aws-cdk/aws-iam': 1.106.1
      '@aws-cdk/aws-kms': 1.106.1
      '@aws-cdk/core': 1.106.1
      '@aws-cdk/cx-api': 1.106.1
      constructs: 3.3.94
    dev: false

  /@aws-cdk/aws-signer/1.106.1:
    resolution: {integrity: sha512-B4IMODM+nhceFHn1qAtyfyUaR4xtNMZKBRNhWX2PcXUBAnmtSc1W048s8vWWBE7vQOrJzpytrnUIvo/cf7d1Lw==}
    engines: {node: '>= 10.13.0 <13 || >=13.7.0'}
    dependencies:
      '@aws-cdk/core': 1.106.1
      constructs: 3.3.94
    dev: false

  /@aws-cdk/aws-sns/1.106.1:
    resolution: {integrity: sha512-JeGMSQHvcaMJyhIGQHlElTCUnrberDq41m5glAL6WeCINXgENrno8ibsoWrsyr/X3MNmJ7o1mDDabLMyahG5gg==}
    engines: {node: '>= 10.13.0 <13 || >=13.7.0'}
    dependencies:
      '@aws-cdk/aws-cloudwatch': 1.106.1
      '@aws-cdk/aws-events': 1.106.1
      '@aws-cdk/aws-iam': 1.106.1
      '@aws-cdk/aws-kms': 1.106.1
      '@aws-cdk/aws-sqs': 1.106.1
      '@aws-cdk/core': 1.106.1
      constructs: 3.3.94
    dev: false

  /@aws-cdk/aws-sqs/1.106.1:
    resolution: {integrity: sha512-g0zSF+8OF1tiTpjBupbS6FvRV/X+jzGnFG9X7Pb/e9VV2fQqRELW/HM/4nwsEKW6oLvw86U2VQNO+xVTiiiVgA==}
    engines: {node: '>= 10.13.0 <13 || >=13.7.0'}
    dependencies:
      '@aws-cdk/aws-cloudwatch': 1.106.1
      '@aws-cdk/aws-iam': 1.106.1
      '@aws-cdk/aws-kms': 1.106.1
      '@aws-cdk/core': 1.106.1
      constructs: 3.3.94
    dev: false

  /@aws-cdk/aws-ssm/1.106.1:
    resolution: {integrity: sha512-THoILSxTpqx0vrrf/+rxtD4s4ijUAfhG1h/IbLG/dSPW3VSrJzo39YfAs6ynCjPJIp0YZHBrnTAtGstv37lCKg==}
    engines: {node: '>= 10.13.0 <13 || >=13.7.0'}
    dependencies:
      '@aws-cdk/aws-iam': 1.106.1
      '@aws-cdk/aws-kms': 1.106.1
      '@aws-cdk/cloud-assembly-schema': 1.106.1
      '@aws-cdk/core': 1.106.1
      constructs: 3.3.94
    dev: false

  /@aws-cdk/cloud-assembly-schema/1.106.1:
    resolution: {integrity: sha512-/pSZyQWVNlP/hWQ8HlEo07mUUPT2VrjhHFjHMgzJ7VORJ/bMDVjCjCKJQHRLlZmo9Ys43CrqeyeNNnlK2kqj4A==}
    engines: {node: '>= 10.13.0 <13 || >=13.7.0'}
    dev: false
    bundledDependencies:
      - jsonschema
      - semver

  /@aws-cdk/core/1.106.1:
    resolution: {integrity: sha512-DX7dwe3GCFWpvQRqt0JQK93+XkQSrwWHs+5u416aQCWyADeLONhLBNO6DRdZeevzcKD4TUeHr/7rCxfUHTu85A==}
    engines: {node: '>= 10.13.0 <13 || >=13.7.0'}
    dependencies:
      '@aws-cdk/cloud-assembly-schema': 1.106.1
      '@aws-cdk/cx-api': 1.106.1
      '@aws-cdk/region-info': 1.106.1
      constructs: 3.3.94
    dev: false
    bundledDependencies:
      - fs-extra
      - minimatch
      - '@balena/dockerignore'
      - ignore

  /@aws-cdk/custom-resources/1.106.1:
    resolution: {integrity: sha512-i1nkfHGyxxcGhEi/aH1iZReaIX5WBpAhPkf1ZC7NAn0mQ3hG34UygxSi/1vc8p93U3BQgbnXq5C3q1k2WpyWkw==}
    engines: {node: '>= 10.13.0 <13 || >=13.7.0'}
    dependencies:
      '@aws-cdk/aws-cloudformation': 1.106.1
      '@aws-cdk/aws-ec2': 1.106.1
      '@aws-cdk/aws-iam': 1.106.1
      '@aws-cdk/aws-lambda': 1.106.1
      '@aws-cdk/aws-logs': 1.106.1
      '@aws-cdk/aws-sns': 1.106.1
      '@aws-cdk/core': 1.106.1
      constructs: 3.3.94
    dev: false

  /@aws-cdk/cx-api/1.106.1:
    resolution: {integrity: sha512-OFT1kHLatBfVObgZVuCj1U6OjEUyddpFhRX+Uw7mG2eDozp+YvRJUO9zNhoLaMcJLFHaP9yVgRioT5cV9R1KZQ==}
    engines: {node: '>= 10.13.0 <13 || >=13.7.0'}
    dependencies:
      '@aws-cdk/cloud-assembly-schema': 1.106.1
    dev: false
    bundledDependencies:
      - semver

  /@aws-cdk/region-info/1.106.1:
    resolution: {integrity: sha512-9mnVSqYPnqf2wBQx3nZaBh1pnK29khFi87pNjQFkN7LmK/O9rVlx4syulknBtxLJusB0TDuvY3r5PUuUJ6kFjw==}
    engines: {node: '>= 10.13.0 <13 || >=13.7.0'}
    dev: false

  /@types/node/12.12.6:
    resolution: {integrity: sha512-FjsYUPzEJdGXjwKqSpE0/9QEh6kzhTAeObA54rn6j3rR4C/mzpI9L0KNfoeASSPMMdxIsoJuCLDWcM/rVjIsSA==}
    dev: true

  /constructs/3.3.94:
    resolution: {integrity: sha512-P2Sfaa+CHt6lVlIdSry4hj1cQsg71J7eXJm9zyPpZNi/FDeHu/vcOmon84v8effvBoF5e7ef2tfVCwwMXcu9Jw==}
    engines: {node: '>= 10.17.0'}
    dev: false

  /typescript/3.8.3:
    resolution: {integrity: sha512-MYlEfn5VrLNsgudQTVJeNaQFUAI7DkhnOjdpAp4T+ku1TfQClewlbSuTVHiA+8skNBgaf02TL/kLOvig4y3G8w==}
    engines: {node: '>=4.2.0'}
    hasBin: true
    dev: true
